{
  "requires": true,
  "lockfileVersion": 1,
  "dependencies": {
    "goeasy": {
      "version": "1.0.11",
      "resolved": "https://registry.npmjs.org/goeasy/-/goeasy-1.0.11.tgz",
      "integrity": "sha512-/aKLCAybbiqIPFeDrc8woOxSV4VCbnoXh2tCAy56p9FHGq8om/Gyajut80cAh8pa95IMqsdoTLKeMESDlV0WUw=="
    },
    "uview-ui": {
      "version": "1.2.7",
      "resolved": "https://registry.npmjs.org/uview-ui/-/uview-ui-1.2.7.tgz",
      "integrity": "sha512-mxIpVORbyaYm4tmihFSi20ZlyxGbTptPx83y6t48w4xky3rU+sc1mGi3wkV8iE12uAC9XK5Hmql1f5i7lmwDjw=="
    }
  }
}
